// !$*UTF8*$!
{
	archiveVersion = 1;
	classes = {
	};
	objectVersion = 50;
	objects = {

/* Begin PBXBuildFile section */
		04C5378C2198AA4B0038C503 /* AppDelegate.swift in Sources */ = {isa = PBXBuildFile; fileRef = 04C5378B2198AA4B0038C503 /* AppDelegate.swift */; };
		04C5378E2198AA4B0038C503 /* ViewController.swift in Sources */ = {isa = PBXBuildFile; fileRef = 04C5378D2198AA4B0038C503 /* ViewController.swift */; };
		04C537912198AA4B0038C503 /* Main.storyboard in Resources */ = {isa = PBXBuildFile; fileRef = 04C5378F2198AA4B0038C503 /* Main.storyboard */; };
		04C537932198AA4D0038C503 /* Assets.xcassets in Resources */ = {isa = PBXBuildFile; fileRef = 04C537922198AA4D0038C503 /* Assets.xcassets */; };
		04C537962198AA4D0038C503 /* LaunchScreen.storyboard in Resources */ = {isa = PBXBuildFile; fileRef = 04C537942198AA4D0038C503 /* LaunchScreen.storyboard */; };
		04F492892198BE7900F2B4D6 /* plugins.swift in Sources */ = {isa = PBXBuildFile; fileRef = 04F492882198BE7900F2B4D6 /* plugins.swift */; };
		04F4928C2198D1ED00F2B4D6 /* instaplus-logo.png in Resources */ = {isa = PBXBuildFile; fileRef = 04F4928B2198D1ED00F2B4D6 /* instaplus-logo.png */; };
		5F40B16F67FCA4800E5FCAF1 /* Pods_InstaPlus.framework in Frameworks */ = {isa = PBXBuildFile; fileRef = 8C471D348A825862DF93DB62 /* Pods_InstaPlus.framework */; };
/* End PBXBuildFile section */

/* Begin PBXFileReference section */
		04C537882198AA4B0038C503 /* InstaPlus.app */ = {isa = PBXFileReference; explicitFileType = wrapper.application; includeInIndex = 0; path = InstaPlus.app; sourceTree = BUILT_PRODUCTS_DIR; };
		04C5378B2198AA4B0038C503 /* AppDelegate.swift */ = {isa = PBXFileReference; lastKnownFileType = sourcecode.swift; path = AppDelegate.swift; sourceTree = "<group>"; };
		04C5378D2198AA4B0038C503 /* ViewController.swift */ = {isa = PBXFileReference; lastKnownFileType = sourcecode.swift; path = ViewController.swift; sourceTree = "<group>"; };
		04C537902198AA4B0038C503 /* Base */ = {isa = PBXFileReference; lastKnownFileType = file.storyboard; name = Base; path = Base.lproj/Main.storyboard; sourceTree = "<group>"; };
		04C537922198AA4D0038C503 /* Assets.xcassets */ = {isa = PBXFileReference; lastKnownFileType = folder.assetcatalog; path = Assets.xcassets; sourceTree = "<group>"; };
		04C537952198AA4D0038C503 /* Base */ = {isa = PBXFileReference; lastKnownFileType = file.storyboard; name = Base; path = Base.lproj/LaunchScreen.storyboard; sourceTree = "<group>"; };
		04C537972198AA4D0038C503 /* Info.plist */ = {isa = PBXFileReference; lastKnownFileType = text.plist.xml; path = Info.plist; sourceTree = "<group>"; };
		04F492882198BE7900F2B4D6 /* plugins.swift */ = {isa = PBXFileReference; lastKnownFileType = sourcecode.swift; path = plugins.swift; sourceTree = "<group>"; };
		04F4928A2198CF1A00F2B4D6 /* InstaPlus.entitlements */ = {isa = PBXFileReference; lastKnownFileType = text.plist.entitlements; path = InstaPlus.entitlements; sourceTree = "<group>"; };
		04F4928B2198D1ED00F2B4D6 /* instaplus-logo.png */ = {isa = PBXFileReference; lastKnownFileType = image.png; path = "instaplus-logo.png"; sourceTree = "<group>"; };
		74AA454392DE3F305B89ECDB /* Pods-InstaPlus.release.xcconfig */ = {isa = PBXFileReference; includeInIndex = 1; lastKnownFileType = text.xcconfig; name = "Pods-InstaPlus.release.xcconfig"; path = "Pods/Target Support Files/Pods-InstaPlus/Pods-InstaPlus.release.xcconfig"; sourceTree = "<group>"; };
		8C471D348A825862DF93DB62 /* Pods_InstaPlus.framework */ = {isa = PBXFileReference; explicitFileType = wrapper.framework; includeInIndex = 0; path = Pods_InstaPlus.framework; sourceTree = BUILT_PRODUCTS_DIR; };
		A431B248F6CDC6EAFE48D842 /* Pods-InstaPlus.debug.xcconfig */ = {isa = PBXFileReference; includeInIndex = 1; lastKnownFileType = text.xcconfig; name = "Pods-InstaPlus.debug.xcconfig"; path = "Pods/Target Support Files/Pods-InstaPlus/Pods-InstaPlus.debug.xcconfig"; sourceTree = "<group>"; };
/* End PBXFileReference section */

/* Begin PBXFrameworksBuildPhase section */
		04C537852198AA4B0038C503 /* Frameworks */ = {
			isa = PBXFrameworksBuildPhase;
			buildActionMask = 2147483647;
			files = (
				5F40B16F67FCA4800E5FCAF1 /* Pods_InstaPlus.framework in Frameworks */,
			);
			runOnlyForDeploymentPostprocessing = 0;
		};
/* End PBXFrameworksBuildPhase section */

/* Begin PBXGroup section */
		04C5377F2198AA4B0038C503 = {
			isa = PBXGroup;
			children = (
				04C5378A2198AA4B0038C503 /* InstaPlus */,
				04C537892198AA4B0038C503 /* Products */,
				3BD539A0DE81489E18F379BB /* Pods */,
				44391414AEA256E80D440105 /* Frameworks */,
			);
			sourceTree = "<group>";
		};
		04C537892198AA4B0038C503 /* Products */ = {
			isa = PBXGroup;
			children = (
				04C537882198AA4B0038C503 /* InstaPlus.app */,
			);
			name = Products;
			sourceTree = "<group>";
		};
		04C5378A2198AA4B0038C503 /* InstaPlus */ = {
			isa = PBXGroup;
			children = (
				04F4928A2198CF1A00F2B4D6 /* InstaPlus.entitlements */,
				04C5378B2198AA4B0038C503 /* AppDelegate.swift */,
				04C5378D2198AA4B0038C503 /* ViewController.swift */,
				04C5378F2198AA4B0038C503 /* Main.storyboard */,
				04F4928B2198D1ED00F2B4D6 /* instaplus-logo.png */,
				04C537922198AA4D0038C503 /* Assets.xcassets */,
				04C537942198AA4D0038C503 /* LaunchScreen.storyboard */,
				04C537972198AA4D0038C503 /* Info.plist */,
				04F492882198BE7900F2B4D6 /* plugins.swift */,
			);
			path = InstaPlus;
			sourceTree = "<group>";
		};
		3BD539A0DE81489E18F379BB /* Pods */ = {
			isa = PBXGroup;
			children = (
				A431B248F6CDC6EAFE48D842 /* Pods-InstaPlus.debug.xcconfig */,
				74AA454392DE3F305B89ECDB /* Pods-InstaPlus.release.xcconfig */,
			);
			name = Pods;
			sourceTree = "<group>";
		};
		44391414AEA256E80D440105 /* Frameworks */ = {
			isa = PBXGroup;
			children = (
				8C471D348A825862DF93DB62 /* Pods_InstaPlus.framework */,
			);
			name = Frameworks;
			sourceTree = "<group>";
		};
/* End PBXGroup section */

/* Begin PBXNativeTarget section */
		04C537872198AA4B0038C503 /* InstaPlus */ = {
			isa = PBXNativeTarget;
			buildConfigurationList = 04C5379A2198AA4D0038C503 /* Build configuration list for PBXNativeTarget "InstaPlus" */;
			buildPhases = (
				D956EB78E5CEBCDA53F4AE89 /* [CP] Check Pods Manifest.lock */,
				04C537842198AA4B0038C503 /* Sources */,
				04C537852198AA4B0038C503 /* Frameworks */,
				04C537862198AA4B0038C503 /* Resources */,
				F84827B003E44AD6497B31AA /* [CP] Embed Pods Frameworks */,
			);
			buildRules = (
			);
			dependencies = (
			);
			name = InstaPlus;
			productName = InstaPlus;
			productReference = 04C537882198AA4B0038C503 /* InstaPlus.app */;
			productType = "com.apple.product-type.application";
		};
/* End PBXNativeTarget section */

/* Begin PBXProject section */
		04C537802198AA4B0038C503 /* Project object */ = {
			isa = PBXProject;
			attributes = {
				LastSwiftUpdateCheck = 1010;
				LastUpgradeCheck = 1010;
				ORGANIZATIONNAME = app;
				TargetAttributes = {
					04C537872198AA4B0038C503 = {
						CreatedOnToolsVersion = 10.1;
						SystemCapabilities = {
							com.apple.BackgroundModes = {
								enabled = 1;
							};
							com.apple.Push = {
								enabled = 1;
							};
						};
					};
				};
			};
			buildConfigurationList = 04C537832198AA4B0038C503 /* Build configuration list for PBXProject "InstaPlus" */;
			compatibilityVersion = "Xcode 9.3";
			developmentRegion = en;
			hasScannedForEncodings = 0;
			knownRegions = (
				en,
				Base,
			);
			mainGroup = 04C5377F2198AA4B0038C503;
			productRefGroup = 04C537892198AA4B0038C503 /* Products */;
			projectDirPath = "";
			projectRoot = "";
			targets = (
				04C537872198AA4B0038C503 /* InstaPlus */,
			);
		};
/* End PBXProject section */

/* Begin PBXResourcesBuildPhase section */
		04C537862198AA4B0038C503 /* Resources */ = {
			isa = PBXResourcesBuildPhase;
			buildActionMask = 2147483647;
			files = (
				04C537962198AA4D0038C503 /* LaunchScreen.storyboard in Resources */,
				04C537932198AA4D0038C503 /* Assets.xcassets in Resources */,
				04F4928C2198D1ED00F2B4D6 /* instaplus-logo.png in Resources */,
				04C537912198AA4B0038C503 /* Main.storyboard in Resources */,
			);
			runOnlyForDeploymentPostprocessing = 0;
		};
/* End PBXResourcesBuildPhase section */

/* Begin PBXShellScriptBuildPhase section */
		D956EB78E5CEBCDA53F4AE89 /* [CP] Check Pods Manifest.lock */ = {
			isa = PBXShellScriptBuildPhase;
			buildActionMask = 2147483647;
			files = (
			);
			inputPaths = (
				"${PODS_PODFILE_DIR_PATH}/Podfile.lock",
				"${PODS_ROOT}/Manifest.lock",
			);
			name = "[CP] Check Pods Manifest.lock";
			outputPaths = (
				"$(DERIVED_FILE_DIR)/Pods-InstaPlus-checkManifestLockResult.txt",
			);
			runOnlyForDeploymentPostprocessing = 0;
			shellPath = /bin/sh;
			shellScript = "diff \"${PODS_PODFILE_DIR_PATH}/Podfile.lock\" \"${PODS_ROOT}/Manifest.lock\" > /dev/null\nif [ $? != 0 ] ; then\n    # print error to STDERR\n    echo \"error: The sandbox is not in sync with the Podfile.lock. Run 'pod install' or update your CocoaPods installation.\" >&2\n    exit 1\nfi\n# This output is used by Xcode 'outputs' to avoid re-running this script phase.\necho \"SUCCESS\" > \"${SCRIPT_OUTPUT_FILE_0}\"\n";
			showEnvVarsInLog = 0;
		};
		F84827B003E44AD6497B31AA /* [CP] Embed Pods Frameworks */ = {
			isa = PBXShellScriptBuildPhase;
			buildActionMask = 2147483647;
			files = (
			);
			inputPaths = (
				"${SRCROOT}/Pods/Target Support Files/Pods-InstaPlus/Pods-InstaPlus-frameworks.sh",
				"${BUILT_PRODUCTS_DIR}/GoogleUtilities/GoogleUtilities.framework",
				"${BUILT_PRODUCTS_DIR}/Protobuf/Protobuf.framework",
				"${BUILT_PRODUCTS_DIR}/RSLoadingView/RSLoadingView.framework",
				"${BUILT_PRODUCTS_DIR}/nanopb/nanopb.framework",
			);
			name = "[CP] Embed Pods Frameworks";
			outputPaths = (
				"${TARGET_BUILD_DIR}/${FRAMEWORKS_FOLDER_PATH}/GoogleUtilities.framework",
				"${TARGET_BUILD_DIR}/${FRAMEWORKS_FOLDER_PATH}/Protobuf.framework",
				"${TARGET_BUILD_DIR}/${FRAMEWORKS_FOLDER_PATH}/RSLoadingView.framework",
				"${TARGET_BUILD_DIR}/${FRAMEWORKS_FOLDER_PATH}/nanopb.framework",
			);
			runOnlyForDeploymentPostprocessing = 0;
			shellPath = /bin/sh;
			shellScript = "\"${SRCROOT}/Pods/Target Support Files/Pods-InstaPlus/Pods-InstaPlus-frameworks.sh\"\n";
			showEnvVarsInLog = 0;
		};
/* End PBXShellScriptBuildPhase section */

/* Begin PBXSourcesBuildPhase section */
		04C537842198AA4B0038C503 /* Sources */ = {
			isa = PBXSourcesBuildPhase;
			buildActionMask = 2147483647;
			files = (
				04C5378E2198AA4B0038C503 /* ViewController.swift in Sources */,
				04C5378C2198AA4B0038C503 /* AppDelegate.swift in Sources */,
				04F492892198BE7900F2B4D6 /* plugins.swift in Sources */,
			);
			runOnlyForDeploymentPostprocessing = 0;
		};
/* End PBXSourcesBuildPhase section */

/* Begin PBXVariantGroup section */
		04C5378F2198AA4B0038C503 /* Main.storyboard */ = {
			isa = PBXVariantGroup;
			children = (
				04C537902198AA4B0038C503 /* Base */,
			);
			name = Main.storyboard;
			sourceTree = "<group>";
		};
		04C537942198AA4D0038C503 /* LaunchScreen.storyboard */ = {
			isa = PBXVariantGroup;
			children = (
				04C537952198AA4D0038C503 /* Base */,
			);
			name = LaunchScreen.storyboard;
			sourceTree = "<group>";
		};
/* End PBXVariantGroup section */

/* Begin XCBuildConfiguration section */
		04C537982198AA4D0038C503 /* Debug */ = {
			isa = XCBuildConfiguration;
			buildSettings = {
				ALWAYS_SEARCH_USER_PATHS = NO;
				CLANG_ANALYZER_NONNULL = YES;
				CLANG_ANALYZER_NUMBER_OBJECT_CONVERSION = YES_AGGRESSIVE;
				CLANG_CXX_LANGUAGE_STANDARD = "gnu++14";
				CLANG_CXX_LIBRARY = "libc++";
				CLANG_ENABLE_MODULES = YES;
				CLANG_ENABLE_OBJC_ARC = YES;
				CLANG_ENABLE_OBJC_WEAK = YES;
				CLANG_WARN_BLOCK_CAPTURE_AUTORELEASING = YES;
				CLANG_WARN_BOOL_CONVERSION = YES;
				CLANG_WARN_COMMA = YES;
				CLANG_WARN_CONSTANT_CONVERSION = YES;
				CLANG_WARN_DEPRECATED_OBJC_IMPLEMENTATIONS = YES;
				CLANG_WARN_DIRECT_OBJC_ISA_USAGE = YES_ERROR;
				CLANG_WARN_DOCUMENTATION_COMMENTS = YES;
				CLANG_WARN_EMPTY_BODY = YES;
				CLANG_WARN_ENUM_CONVERSION = YES;
				CLANG_WARN_INFINITE_RECURSION = YES;
				CLANG_WARN_INT_CONVERSION = YES;
				CLANG_WARN_NON_LITERAL_NULL_CONVERSION = YES;
				CLANG_WARN_OBJC_IMPLICIT_RETAIN_SELF = YES;
				CLANG_WARN_OBJC_LITERAL_CONVERSION = YES;
				CLANG_WARN_OBJC_ROOT_CLASS = YES_ERROR;
				CLANG_WARN_RANGE_LOOP_ANALYSIS = YES;
				CLANG_WARN_STRICT_PROTOTYPES = YES;
				CLANG_WARN_SUSPICIOUS_MOVE = YES;
				CLANG_WARN_UNGUARDED_AVAILABILITY = YES_AGGRESSIVE;
				CLANG_WARN_UNREACHABLE_CODE = YES;
				CLANG_WARN__DUPLICATE_METHOD_MATCH = YES;
				CODE_SIGN_IDENTITY = "iPhone Developer";
				COPY_PHASE_STRIP = NO;
				DEBUG_INFORMATION_FORMAT = dwarf;
				ENABLE_STRICT_OBJC_MSGSEND = YES;
				ENABLE_TESTABILITY = YES;
				GCC_C_LANGUAGE_STANDARD = gnu11;
				GCC_DYNAMIC_NO_PIC = NO;
				GCC_NO_COMMON_BLOCKS = YES;
				GCC_OPTIMIZATION_LEVEL = 0;
				GCC_PREPROCESSOR_DEFINITIONS = (
					"DEBUG=1",
					"$(inherited)",
				);
				GCC_WARN_64_TO_32_BIT_CONVERSION = YES;
				GCC_WARN_ABOUT_RETURN_TYPE = YES_ERROR;
				GCC_WARN_UNDECLARED_SELECTOR = YES;
				GCC_WARN_UNINITIALIZED_AUTOS = YES_AGGRESSIVE;
				GCC_WARN_UNUSED_FUNCTION = YES;
				GCC_WARN_UNUSED_VARIABLE = YES;
				IPHONEOS_DEPLOYMENT_TARGET = 12.1;
				MTL_ENABLE_DEBUG_INFO = INCLUDE_SOURCE;
				MTL_FAST_MATH = YES;
				ONLY_ACTIVE_ARCH = YES;
				SDKROOT = iphoneos;
				SWIFT_ACTIVE_COMPILATION_CONDITIONS = DEBUG;
				SWIFT_OPTIMIZATION_LEVEL = "-Onone";
			};
			name = Debug;
		};
		04C537992198AA4D0038C503 /* Release */ = {
			isa = XCBuildConfiguration;
			buildSettings = {
				ALWAYS_SEARCH_USER_PATHS = NO;
				CLANG_ANALYZER_NONNULL = YES;
				CLANG_ANALYZER_NUMBER_OBJECT_CONVERSION = YES_AGGRESSIVE;
				CLANG_CXX_LANGUAGE_STANDARD = "gnu++14";
				CLANG_CXX_LIBRARY = "libc++";
				CLANG_ENABLE_MODULES = YES;
				CLANG_ENABLE_OBJC_ARC = YES;
				CLANG_ENABLE_OBJC_WEAK = YES;
				CLANG_WARN_BLOCK_CAPTURE_AUTORELEASING = YES;
				CLANG_WARN_BOOL_CONVERSION = YES;
				CLANG_WARN_COMMA = YES;
				CLANG_WARN_CONSTANT_CONVERSION = YES;
				CLANG_WARN_DEPRECATED_OBJC_IMPLEMENTATIONS = YES;
				CLANG_WARN_DIRECT_OBJC_ISA_USAGE = YES_ERROR;
				CLANG_WARN_DOCUMENTATION_COMMENTS = YES;
				CLANG_WARN_EMPTY_BODY = YES;
				CLANG_WARN_ENUM_CONVERSION = YES;
				CLANG_WARN_INFINITE_RECURSION = YES;
				CLANG_WARN_INT_CONVERSION = YES;
				CLANG_WARN_NON_LITERAL_NULL_CONVERSION = YES;
				CLANG_WARN_OBJC_IMPLICIT_RETAIN_SELF = YES;
				CLANG_WARN_OBJC_LITERAL_CONVERSION = YES;
				CLANG_WARN_OBJC_ROOT_CLASS = YES_ERROR;
				CLANG_WARN_RANGE_LOOP_ANALYSIS = YES;
				CLANG_WARN_STRICT_PROTOTYPES = YES;
				CLANG_WARN_SUSPICIOUS_MOVE = YES;
				CLANG_WARN_UNGUARDED_AVAILABILITY = YES_AGGRESSIVE;
				CLANG_WARN_UNREACHABLE_CODE = YES;
				CLANG_WARN__DUPLICATE_METHOD_MATCH = YES;
				CODE_SIGN_IDENTITY = "iPhone Developer";
				COPY_PHASE_STRIP = NO;
				DEBUG_INFORMATION_FORMAT = "dwarf-with-dsym";
				ENABLE_NS_ASSERTIONS = NO;
				ENABLE_STRICT_OBJC_MSGSEND = YES;
				GCC_C_LANGUAGE_STANDARD = gnu11;
				GCC_NO_COMMON_BLOCKS = YES;
				GCC_WARN_64_TO_32_BIT_CONVERSION = YES;
				GCC_WARN_ABOUT_RETURN_TYPE = YES_ERROR;
				GCC_WARN_UNDECLARED_SELECTOR = YES;
				GCC_WARN_UNINITIALIZED_AUTOS = YES_AGGRESSIVE;
				GCC_WARN_UNUSED_FUNCTION = YES;
				GCC_WARN_UNUSED_VARIABLE = YES;
				IPHONEOS_DEPLOYMENT_TARGET = 12.1;
				MTL_ENABLE_DEBUG_INFO = NO;
				MTL_FAST_MATH = YES;
				SDKROOT = iphoneos;
				SWIFT_COMPILATION_MODE = wholemodule;
				SWIFT_OPTIMIZATION_LEVEL = "-O";
				VALIDATE_PRODUCT = YES;
			};
			name = Release;
		};
		04C5379B2198AA4D0038C503 /* Debug */ = {
			isa = XCBuildConfiguration;
			baseConfigurationReference = A431B248F6CDC6EAFE48D842 /* Pods-InstaPlus.debug.xcconfig */;
			buildSettings = {
				ASSETCATALOG_COMPILER_APPICON_NAME = AppIcon;
				CODE_SIGN_ENTITLEMENTS = InstaPlus/InstaPlus.entitlements;
				CODE_SIGN_IDENTITY = "iPhone Developer";
				CODE_SIGN_STYLE = Automatic;
				DEVELOPMENT_TEAM = X69YFNN9A3;
				INFOPLIST_FILE = InstaPlus/Info.plist;
				IPHONEOS_DEPLOYMENT_TARGET = 11.0;
				LD_RUNPATH_SEARCH_PATHS = (
					"$(inherited)",
					"@executable_path/Frameworks",
				);
				PRODUCT_BUNDLE_IDENTIFIER = com.instapluskw;
				PRODUCT_NAME = "$(TARGET_NAME)";
				PROVISIONING_PROFILE_SPECIFIER = "";
				SWIFT_VERSION = 4.2;
				TARGETED_DEVICE_FAMILY = "1,2";
			};
			name = Debug;
		};
		04C5379C2198AA4D0038C503 /* Release */ = {
			isa = XCBuildConfiguration;
			baseConfigurationReference = 74AA454392DE3F305B89ECDB /* Pods-InstaPlus.release.xcconfig */;
			buildSettings = {
				ASSETCATALOG_COMPILER_APPICON_NAME = AppIcon;
				CODE_SIGN_ENTITLEMENTS = InstaPlus/InstaPlus.entitlements;
				CODE_SIGN_IDENTITY = "iPhone Developer";
				CODE_SIGN_STYLE = Automatic;
				DEVELOPMENT_TEAM = X69YFNN9A3;
				INFOPLIST_FILE = InstaPlus/Info.plist;
				IPHONEOS_DEPLOYMENT_TARGET = 11.0;
				LD_RUNPATH_SEARCH_PATHS = (
					"$(inherited)",
					"@executable_path/Frameworks",
				);
				PRODUCT_BUNDLE_IDENTIFIER = com.instapluskw;
				PRODUCT_NAME = "$(TARGET_NAME)";
				PROVISIONING_PROFILE_SPECIFIER = "";
				SWIFT_VERSION = 4.2;
				TARGETED_DEVICE_FAMILY = "1,2";
			};
			name = Release;
		};
/* End XCBuildConfiguration section */

/* Begin XCConfigurationList section */
		04C537832198AA4B0038C503 /* Build configuration list for PBXProject "InstaPlus" */ = {
			isa = XCConfigurationList;
			buildConfigurations = (
				04C537982198AA4D0038C503 /* Debug */,
				04C537992198AA4D0038C503 /* Release */,
			);
			defaultConfigurationIsVisible = 0;
			defaultConfigurationName = Release;
		};
		04C5379A2198AA4D0038C503 /* Build configuration list for PBXNativeTarget "InstaPlus" */ = {
			isa = XCConfigurationList;
			buildConfigurations = (
				04C5379B2198AA4D0038C503 /* Debug */,
				04C5379C2198AA4D0038C503 /* Release */,
			);
			defaultConfigurationIsVisible = 0;
			defaultConfigurationName = Release;
		};
/* End XCConfigurationList section */
	};
	rootObject = 04C537802198AA4B0038C503 /* Project object */;
}
